
Microsoft Visual Studio Solution File, Format Version 12.00
# Visual Studio Version 17
VisualStudioVersion = 17.10.35027.167
MinimumVisualStudioVersion = 10.0.40219.1
Project("{FAE04EC0-301F-11D3-BF4B-00C04F79EFBC}") = "zadachi", "zadachi\zadachi.csproj", "{DB24B0EF-8531-409C-BFB3-7739AEB38A84}"
EndProject
Global
	GlobalSection(SolutionConfigurationPlatforms) = preSolution
		Debug|Any CPU = Debug|Any CPU
		Release|Any CPU = Release|Any CPU
	EndGlobalSection
	GlobalSection(ProjectConfigurationPlatforms) = postSolution
		{DB24B0EF-8531-409C-BFB3-7739AEB38A84}.Debug|Any CPU.ActiveCfg = Debug|Any CPU
		{DB24B0EF-8531-409C-BFB3-7739AEB38A84}.Debug|Any CPU.Build.0 = Debug|Any CPU
		{DB24B0EF-8531-409C-BFB3-7739AEB38A84}.Release|Any CPU.ActiveCfg = Release|Any CPU
		{DB24B0EF-8531-409C-BFB3-7739AEB38A84}.Release|Any CPU.Build.0 = Release|Any CPU
	EndGlobalSection
	GlobalSection(SolutionProperties) = preSolution
		HideSolutionNode = FALSE
	EndGlobalSection
	GlobalSection(ExtensibilityGlobals) = postSolution
		SolutionGuid = {82084D18-6284-4F4E-8206-3B904BED3074}
	EndGlobalSection
EndGlobal
